
Microsoft Visual Studio Solution File, Format Version 12.00
Project("{FAE04EC0-301F-11D3-BF4B-00C04F79EFBC}") = "AutoPartsStore", "AutoPartsStore\AutoPartsStore.csproj", "{3EB77C96-6986-4EB1-8FB7-5136C5A0D380}"
EndProject
Global
	GlobalSection(SolutionConfigurationPlatforms) = preSolution
		Debug|Any CPU = Debug|Any CPU
		Release|Any CPU = Release|Any CPU
	EndGlobalSection
	GlobalSection(ProjectConfigurationPlatforms) = postSolution
		{3EB77C96-6986-4EB1-8FB7-5136C5A0D380}.Debug|Any CPU.ActiveCfg = Debug|Any CPU
		{3EB77C96-6986-4EB1-8FB7-5136C5A0D380}.Debug|Any CPU.Build.0 = Debug|Any CPU
		{3EB77C96-6986-4EB1-8FB7-5136C5A0D380}.Release|Any CPU.ActiveCfg = Release|Any CPU
		{3EB77C96-6986-4EB1-8FB7-5136C5A0D380}.Release|Any CPU.Build.0 = Release|Any CPU
	EndGlobalSection
EndGlobal
